// !$*UTF8*$!
{
	archiveVersion = 1;
	classes = {
	};
	objectVersion = 56;
	objects = {

/* Begin PBXBuildFile section */
		1047F96D2993DC2000FCF89D /* AppDelegate.swift in Sources */ = {isa = PBXBuildFile; fileRef = 1047F96C2993DC2000FCF89D /* AppDelegate.swift */; };
		1047F96F2993DC2000FCF89D /* SceneDelegate.swift in Sources */ = {isa = PBXBuildFile; fileRef = 1047F96E2993DC2000FCF89D /* SceneDelegate.swift */; };
		1047F9742993DC2000FCF89D /* Main.storyboard in Resources */ = {isa = PBXBuildFile; fileRef = 1047F9722993DC2000FCF89D /* Main.storyboard */; };
		1047F9762993DC2100FCF89D /* Assets.xcassets in Resources */ = {isa = PBXBuildFile; fileRef = 1047F9752993DC2100FCF89D /* Assets.xcassets */; };
		1047F9792993DC2100FCF89D /* LaunchScreen.storyboard in Resources */ = {isa = PBXBuildFile; fileRef = 1047F9772993DC2100FCF89D /* LaunchScreen.storyboard */; };
		1047F9872993DC6800FCF89D /* RegisterViewController.swift in Sources */ = {isa = PBXBuildFile; fileRef = 1047F9862993DC6800FCF89D /* RegisterViewController.swift */; };
		1047F98B2993DE2D00FCF89D /* RegisterPresenter.swift in Sources */ = {isa = PBXBuildFile; fileRef = 1047F98A2993DE2D00FCF89D /* RegisterPresenter.swift */; };
		1047F98D2993DE3D00FCF89D /* RegisterInteractor.swift in Sources */ = {isa = PBXBuildFile; fileRef = 1047F98C2993DE3D00FCF89D /* RegisterInteractor.swift */; };
		1047F98F2993DE5800FCF89D /* RegisterRouter.swift in Sources */ = {isa = PBXBuildFile; fileRef = 1047F98E2993DE5800FCF89D /* RegisterRouter.swift */; };
		1047F9912993DE6700FCF89D /* RegisterProtocols.swift in Sources */ = {isa = PBXBuildFile; fileRef = 1047F9902993DE6700FCF89D /* RegisterProtocols.swift */; };
		1047F9982993E33000FCF89D /* IAuthService.swift in Sources */ = {isa = PBXBuildFile; fileRef = 1047F9972993E33000FCF89D /* IAuthService.swift */; };
		1047F99A2993E4C700FCF89D /* GoogleService-Info.plist in Resources */ = {isa = PBXBuildFile; fileRef = 1047F9992993E4C700FCF89D /* GoogleService-Info.plist */; };
		1047F99D2993E54D00FCF89D /* FirebaseAuth in Frameworks */ = {isa = PBXBuildFile; productRef = 1047F99C2993E54D00FCF89D /* FirebaseAuth */; };
		1047F99F2993E54D00FCF89D /* FirebaseDatabase in Frameworks */ = {isa = PBXBuildFile; productRef = 1047F99E2993E54D00FCF89D /* FirebaseDatabase */; };
		1047F9A32993E88600FCF89D /* AuthService.swift in Sources */ = {isa = PBXBuildFile; fileRef = 1047F9A22993E88600FCF89D /* AuthService.swift */; };
		104CAB802997B376000C5C8B /* LoginViewController.swift in Sources */ = {isa = PBXBuildFile; fileRef = 104CAB7F2997B376000C5C8B /* LoginViewController.swift */; };
		104CAB832997B3CE000C5C8B /* LoginPresenter.swift in Sources */ = {isa = PBXBuildFile; fileRef = 104CAB822997B3CE000C5C8B /* LoginPresenter.swift */; };
		104CAB862997B3E7000C5C8B /* LoginInteractor.swift in Sources */ = {isa = PBXBuildFile; fileRef = 104CAB852997B3E7000C5C8B /* LoginInteractor.swift */; };
		104CAB892997B406000C5C8B /* LoginRouter.swift in Sources */ = {isa = PBXBuildFile; fileRef = 104CAB882997B406000C5C8B /* LoginRouter.swift */; };
		104CAB8C2997B420000C5C8B /* LoginProtocols.swift in Sources */ = {isa = PBXBuildFile; fileRef = 104CAB8B2997B420000C5C8B /* LoginProtocols.swift */; };
		105FBD25299D4EED00A85D4A /* Alamofire in Frameworks */ = {isa = PBXBuildFile; productRef = 105FBD24299D4EED00A85D4A /* Alamofire */; };
		105FBD2A299D4F4F00A85D4A /* INetworkService.swift in Sources */ = {isa = PBXBuildFile; fileRef = 105FBD29299D4F4F00A85D4A /* INetworkService.swift */; };
		105FBD2C299D509800A85D4A /* NetworkService.swift in Sources */ = {isa = PBXBuildFile; fileRef = 105FBD2B299D509800A85D4A /* NetworkService.swift */; };
		105FBD2F299D516600A85D4A /* YemeklerCevap.swift in Sources */ = {isa = PBXBuildFile; fileRef = 105FBD2E299D516600A85D4A /* YemeklerCevap.swift */; };
		105FBD33299D81DB00A85D4A /* CrudCevap.swift in Sources */ = {isa = PBXBuildFile; fileRef = 105FBD32299D81DB00A85D4A /* CrudCevap.swift */; };
		105FBD35299D85F700A85D4A /* sepetCevap.swift in Sources */ = {isa = PBXBuildFile; fileRef = 105FBD34299D85F700A85D4A /* sepetCevap.swift */; };
		105FBD39299D867C00A85D4A /* SepetYemekler.swift in Sources */ = {isa = PBXBuildFile; fileRef = 105FBD38299D867C00A85D4A /* SepetYemekler.swift */; };
		105FBD3B299D8BA600A85D4A /* Yemekler.swift in Sources */ = {isa = PBXBuildFile; fileRef = 105FBD3A299D8BA600A85D4A /* Yemekler.swift */; };
		1061151929A0FFD80020271E /* CategoryCollectionViewCell.swift in Sources */ = {isa = PBXBuildFile; fileRef = 1061151829A0FFD80020271E /* CategoryCollectionViewCell.swift */; };
		1061151B29A124360020271E /* category.swift in Sources */ = {isa = PBXBuildFile; fileRef = 1061151A29A124360020271E /* category.swift */; };
		107BBB80299BAEC100568913 /* AuthExceptionsHandler.swift in Sources */ = {isa = PBXBuildFile; fileRef = 107BBB7F299BAEC100568913 /* AuthExceptionsHandler.swift */; };
		10A9D13429A22D830022B3E7 /* FoodCollectionViewCell.swift in Sources */ = {isa = PBXBuildFile; fileRef = 10A9D13329A22D830022B3E7 /* FoodCollectionViewCell.swift */; };
		10B8ADEA29991562001F7811 /* HomePresenter.swift in Sources */ = {isa = PBXBuildFile; fileRef = 10B8ADE929991562001F7811 /* HomePresenter.swift */; };
		10B8ADED29991574001F7811 /* HomeInteractor.swift in Sources */ = {isa = PBXBuildFile; fileRef = 10B8ADEC29991574001F7811 /* HomeInteractor.swift */; };
		10B8ADF129991593001F7811 /* HomeRouter.swift in Sources */ = {isa = PBXBuildFile; fileRef = 10B8ADF029991593001F7811 /* HomeRouter.swift */; };
		10B8ADF4299915AB001F7811 /* HomeProtocols.swift in Sources */ = {isa = PBXBuildFile; fileRef = 10B8ADF3299915AB001F7811 /* HomeProtocols.swift */; };
		10B8ADF6299915B5001F7811 /* HomeViewController.swift in Sources */ = {isa = PBXBuildFile; fileRef = 10B8ADF5299915B5001F7811 /* HomeViewController.swift */; };
		10D04DBC2996653D00DF75BA /* WelcomePresenter.swift in Sources */ = {isa = PBXBuildFile; fileRef = 10D04DBB2996653D00DF75BA /* WelcomePresenter.swift */; };
		10D04DBF2996655500DF75BA /* WelcomeInteractor.swift in Sources */ = {isa = PBXBuildFile; fileRef = 10D04DBE2996655500DF75BA /* WelcomeInteractor.swift */; };
		10D04DC22996656F00DF75BA /* WelcomeRouter.swift in Sources */ = {isa = PBXBuildFile; fileRef = 10D04DC12996656F00DF75BA /* WelcomeRouter.swift */; };
		10D04DC52996659800DF75BA /* WelcomeProtocols.swift in Sources */ = {isa = PBXBuildFile; fileRef = 10D04DC42996659800DF75BA /* WelcomeProtocols.swift */; };
		10D04DC72996666D00DF75BA /* WelcomeViewController.swift in Sources */ = {isa = PBXBuildFile; fileRef = 10D04DC62996666D00DF75BA /* WelcomeViewController.swift */; };
		10D04DCA29966C0100DF75BA /* GoogleSignIn in Frameworks */ = {isa = PBXBuildFile; productRef = 10D04DC929966C0100DF75BA /* GoogleSignIn */; };
		10D04DCD2996E9DA00DF75BA /* ui_extensions.swift in Sources */ = {isa = PBXBuildFile; fileRef = 10D04DCC2996E9DA00DF75BA /* ui_extensions.swift */; };
		10D15DFA299FAF7800EF5F7C /* HomeSliderCollectionViewCell.swift in Sources */ = {isa = PBXBuildFile; fileRef = 10D15DF9299FAF7800EF5F7C /* HomeSliderCollectionViewCell.swift */; };
		10DE35AC299ACA0C00AEF2D6 /* AlertManager.swift in Sources */ = {isa = PBXBuildFile; fileRef = 10DE35AB299ACA0C00AEF2D6 /* AlertManager.swift */; };
		10DE35AF299ACE4100AEF2D6 /* SnackBar in Frameworks */ = {isa = PBXBuildFile; productRef = 10DE35AE299ACE4100AEF2D6 /* SnackBar */; };
		10DE35B1299AF47100AEF2D6 /* SnackbarStyles.swift in Sources */ = {isa = PBXBuildFile; fileRef = 10DE35B0299AF47100AEF2D6 /* SnackbarStyles.swift */; };
/* End PBXBuildFile section */

/* Begin PBXFileReference section */
		1047F9692993DC2000FCF89D /* FoodDeliveryApp.app */ = {isa = PBXFileReference; explicitFileType = wrapper.application; includeInIndex = 0; path = FoodDeliveryApp.app; sourceTree = BUILT_PRODUCTS_DIR; };
		1047F96C2993DC2000FCF89D /* AppDelegate.swift */ = {isa = PBXFileReference; lastKnownFileType = sourcecode.swift; path = AppDelegate.swift; sourceTree = "<group>"; };
		1047F96E2993DC2000FCF89D /* SceneDelegate.swift */ = {isa = PBXFileReference; lastKnownFileType = sourcecode.swift; path = SceneDelegate.swift; sourceTree = "<group>"; };
		1047F9732993DC2000FCF89D /* Base */ = {isa = PBXFileReference; lastKnownFileType = file.storyboard; name = Base; path = Base.lproj/Main.storyboard; sourceTree = "<group>"; };
		1047F9752993DC2100FCF89D /* Assets.xcassets */ = {isa = PBXFileReference; lastKnownFileType = folder.assetcatalog; path = Assets.xcassets; sourceTree = "<group>"; };
		1047F9782993DC2100FCF89D /* Base */ = {isa = PBXFileReference; lastKnownFileType = file.storyboard; name = Base; path = Base.lproj/LaunchScreen.storyboard; sourceTree = "<group>"; };
		1047F97A2993DC2100FCF89D /* Info.plist */ = {isa = PBXFileReference; lastKnownFileType = text.plist.xml; path = Info.plist; sourceTree = "<group>"; };
		1047F9862993DC6800FCF89D /* RegisterViewController.swift */ = {isa = PBXFileReference; lastKnownFileType = sourcecode.swift; path = RegisterViewController.swift; sourceTree = "<group>"; };
		1047F98A2993DE2D00FCF89D /* RegisterPresenter.swift */ = {isa = PBXFileReference; lastKnownFileType = sourcecode.swift; path = RegisterPresenter.swift; sourceTree = "<group>"; };
		1047F98C2993DE3D00FCF89D /* RegisterInteractor.swift */ = {isa = PBXFileReference; lastKnownFileType = sourcecode.swift; path = RegisterInteractor.swift; sourceTree = "<group>"; };
		1047F98E2993DE5800FCF89D /* RegisterRouter.swift */ = {isa = PBXFileReference; lastKnownFileType = sourcecode.swift; path = RegisterRouter.swift; sourceTree = "<group>"; };
		1047F9902993DE6700FCF89D /* RegisterProtocols.swift */ = {isa = PBXFileReference; lastKnownFileType = sourcecode.swift; path = RegisterProtocols.swift; sourceTree = "<group>"; };
		1047F9972993E33000FCF89D /* IAuthService.swift */ = {isa = PBXFileReference; lastKnownFileType = sourcecode.swift; path = IAuthService.swift; sourceTree = "<group>"; };
		1047F9992993E4C700FCF89D /* GoogleService-Info.plist */ = {isa = PBXFileReference; fileEncoding = 4; lastKnownFileType = text.plist.xml; path = "GoogleService-Info.plist"; sourceTree = "<group>"; };
		1047F9A22993E88600FCF89D /* AuthService.swift */ = {isa = PBXFileReference; lastKnownFileType = sourcecode.swift; path = AuthService.swift; sourceTree = "<group>"; };
		104CAB7F2997B376000C5C8B /* LoginViewController.swift */ = {isa = PBXFileReference; lastKnownFileType = sourcecode.swift; path = LoginViewController.swift; sourceTree = "<group>"; };
		104CAB822997B3CE000C5C8B /* LoginPresenter.swift */ = {isa = PBXFileReference; lastKnownFileType = sourcecode.swift; path = LoginPresenter.swift; sourceTree = "<group>"; };
		104CAB852997B3E7000C5C8B /* LoginInteractor.swift */ = {isa = PBXFileReference; lastKnownFileType = sourcecode.swift; path = LoginInteractor.swift; sourceTree = "<group>"; };
		104CAB882997B406000C5C8B /* LoginRouter.swift */ = {isa = PBXFileReference; lastKnownFileType = sourcecode.swift; path = LoginRouter.swift; sourceTree = "<group>"; };
		104CAB8B2997B420000C5C8B /* LoginProtocols.swift */ = {isa = PBXFileReference; lastKnownFileType = sourcecode.swift; path = LoginProtocols.swift; sourceTree = "<group>"; };
		105FBD29299D4F4F00A85D4A /* INetworkService.swift */ = {isa = PBXFileReference; lastKnownFileType = sourcecode.swift; path = INetworkService.swift; sourceTree = "<group>"; };
		105FBD2B299D509800A85D4A /* NetworkService.swift */ = {isa = PBXFileReference; lastKnownFileType = sourcecode.swift; path = NetworkService.swift; sourceTree = "<group>"; };
		105FBD2E299D516600A85D4A /* YemeklerCevap.swift */ = {isa = PBXFileReference; lastKnownFileType = sourcecode.swift; path = YemeklerCevap.swift; sourceTree = "<group>"; };
		105FBD32299D81DB00A85D4A /* CrudCevap.swift */ = {isa = PBXFileReference; lastKnownFileType = sourcecode.swift; path = CrudCevap.swift; sourceTree = "<group>"; };
		105FBD34299D85F700A85D4A /* sepetCevap.swift */ = {isa = PBXFileReference; lastKnownFileType = sourcecode.swift; path = sepetCevap.swift; sourceTree = "<group>"; };
		105FBD38299D867C00A85D4A /* SepetYemekler.swift */ = {isa = PBXFileReference; lastKnownFileType = sourcecode.swift; path = SepetYemekler.swift; sourceTree = "<group>"; };
		105FBD3A299D8BA600A85D4A /* Yemekler.swift */ = {isa = PBXFileReference; lastKnownFileType = sourcecode.swift; path = Yemekler.swift; sourceTree = "<group>"; };
		1061151829A0FFD80020271E /* CategoryCollectionViewCell.swift */ = {isa = PBXFileReference; lastKnownFileType = sourcecode.swift; path = CategoryCollectionViewCell.swift; sourceTree = "<group>"; };
		1061151A29A124360020271E /* category.swift */ = {isa = PBXFileReference; lastKnownFileType = sourcecode.swift; path = category.swift; sourceTree = "<group>"; };
		107BBB7F299BAEC100568913 /* AuthExceptionsHandler.swift */ = {isa = PBXFileReference; lastKnownFileType = sourcecode.swift; path = AuthExceptionsHandler.swift; sourceTree = "<group>"; };
		10A9D13329A22D830022B3E7 /* FoodCollectionViewCell.swift */ = {isa = PBXFileReference; lastKnownFileType = sourcecode.swift; path = FoodCollectionViewCell.swift; sourceTree = "<group>"; };
		10B8ADE929991562001F7811 /* HomePresenter.swift */ = {isa = PBXFileReference; lastKnownFileType = sourcecode.swift; path = HomePresenter.swift; sourceTree = "<group>"; };
		10B8ADEC29991574001F7811 /* HomeInteractor.swift */ = {isa = PBXFileReference; lastKnownFileType = sourcecode.swift; path = HomeInteractor.swift; sourceTree = "<group>"; };
		10B8ADF029991593001F7811 /* HomeRouter.swift */ = {isa = PBXFileReference; lastKnownFileType = sourcecode.swift; path = HomeRouter.swift; sourceTree = "<group>"; };
		10B8ADF3299915AB001F7811 /* HomeProtocols.swift */ = {isa = PBXFileReference; lastKnownFileType = sourcecode.swift; path = HomeProtocols.swift; sourceTree = "<group>"; };
		10B8ADF5299915B5001F7811 /* HomeViewController.swift */ = {isa = PBXFileReference; lastKnownFileType = sourcecode.swift; path = HomeViewController.swift; sourceTree = "<group>"; };
		10D04DBB2996653D00DF75BA /* WelcomePresenter.swift */ = {isa = PBXFileReference; lastKnownFileType = sourcecode.swift; path = WelcomePresenter.swift; sourceTree = "<group>"; };
		10D04DBE2996655500DF75BA /* WelcomeInteractor.swift */ = {isa = PBXFileReference; lastKnownFileType = sourcecode.swift; path = WelcomeInteractor.swift; sourceTree = "<group>"; };
		10D04DC12996656F00DF75BA /* WelcomeRouter.swift */ = {isa = PBXFileReference; lastKnownFileType = sourcecode.swift; path = WelcomeRouter.swift; sourceTree = "<group>"; };
		10D04DC42996659800DF75BA /* WelcomeProtocols.swift */ = {isa = PBXFileReference; lastKnownFileType = sourcecode.swift; path = WelcomeProtocols.swift; sourceTree = "<group>"; };
		10D04DC62996666D00DF75BA /* WelcomeViewController.swift */ = {isa = PBXFileReference; lastKnownFileType = sourcecode.swift; path = WelcomeViewController.swift; sourceTree = "<group>"; };
		10D04DCC2996E9DA00DF75BA /* ui_extensions.swift */ = {isa = PBXFileReference; lastKnownFileType = sourcecode.swift; path = ui_extensions.swift; sourceTree = "<group>"; };
		10D15DF9299FAF7800EF5F7C /* HomeSliderCollectionViewCell.swift */ = {isa = PBXFileReference; lastKnownFileType = sourcecode.swift; path = HomeSliderCollectionViewCell.swift; sourceTree = "<group>"; };
		10DE35AB299ACA0C00AEF2D6 /* AlertManager.swift */ = {isa = PBXFileReference; lastKnownFileType = sourcecode.swift; path = AlertManager.swift; sourceTree = "<group>"; };
		10DE35B0299AF47100AEF2D6 /* SnackbarStyles.swift */ = {isa = PBXFileReference; lastKnownFileType = sourcecode.swift; path = SnackbarStyles.swift; sourceTree = "<group>"; };
/* End PBXFileReference section */

/* Begin PBXFrameworksBuildPhase section */
		1047F9662993DC2000FCF89D /* Frameworks */ = {
			isa = PBXFrameworksBuildPhase;
			buildActionMask = 2147483647;
			files = (
				105FBD25299D4EED00A85D4A /* Alamofire in Frameworks */,
				1047F99F2993E54D00FCF89D /* FirebaseDatabase in Frameworks */,
				10DE35AF299ACE4100AEF2D6 /* SnackBar in Frameworks */,
				1047F99D2993E54D00FCF89D /* FirebaseAuth in Frameworks */,
				10D04DCA29966C0100DF75BA /* GoogleSignIn in Frameworks */,
			);
			runOnlyForDeploymentPostprocessing = 0;
		};
/* End PBXFrameworksBuildPhase section */

/* Begin PBXGroup section */
		1047F9602993DC2000FCF89D = {
			isa = PBXGroup;
			children = (
				1047F96B2993DC2000FCF89D /* FoodDeliveryApp */,
				1047F96A2993DC2000FCF89D /* Products */,
			);
			sourceTree = "<group>";
		};
		1047F96A2993DC2000FCF89D /* Products */ = {
			isa = PBXGroup;
			children = (
				1047F9692993DC2000FCF89D /* FoodDeliveryApp.app */,
			);
			name = Products;
			sourceTree = "<group>";
		};
		1047F96B2993DC2000FCF89D /* FoodDeliveryApp */ = {
			isa = PBXGroup;
			children = (
				105FBD2D299D512C00A85D4A /* entitiy */,
				10B8ADE629991546001F7811 /* home-module */,
				104CAB7C2997B35C000C5C8B /* login-module */,
				104CAB6C2997AD38000C5C8B /* utils */,
				10D04DCB2996E9C200DF75BA /* extensions */,
				10D04DB82996652100DF75BA /* welcome-module */,
				1047F9952993E32000FCF89D /* services */,
				1047F9802993DC3A00FCF89D /* register-module */,
				1047F96C2993DC2000FCF89D /* AppDelegate.swift */,
				1047F96E2993DC2000FCF89D /* SceneDelegate.swift */,
				1047F9722993DC2000FCF89D /* Main.storyboard */,
				1047F9752993DC2100FCF89D /* Assets.xcassets */,
				1047F9772993DC2100FCF89D /* LaunchScreen.storyboard */,
				1047F97A2993DC2100FCF89D /* Info.plist */,
				1047F9992993E4C700FCF89D /* GoogleService-Info.plist */,
			);
			path = FoodDeliveryApp;
			sourceTree = "<group>";
		};
		1047F9802993DC3A00FCF89D /* register-module */ = {
			isa = PBXGroup;
			children = (
				1047F9852993DC5900FCF89D /* protocols */,
				1047F9842993DC5500FCF89D /* router */,
				1047F9832993DC4D00FCF89D /* interactor */,
				1047F9822993DC4800FCF89D /* presenter */,
				1047F9812993DC4300FCF89D /* view */,
			);
			path = "register-module";
			sourceTree = "<group>";
		};
		1047F9812993DC4300FCF89D /* view */ = {
			isa = PBXGroup;
			children = (
				1047F9862993DC6800FCF89D /* RegisterViewController.swift */,
			);
			path = view;
			sourceTree = "<group>";
		};
		1047F9822993DC4800FCF89D /* presenter */ = {
			isa = PBXGroup;
			children = (
				1047F98A2993DE2D00FCF89D /* RegisterPresenter.swift */,
			);
			path = presenter;
			sourceTree = "<group>";
		};
		1047F9832993DC4D00FCF89D /* interactor */ = {
			isa = PBXGroup;
			children = (
				1047F98C2993DE3D00FCF89D /* RegisterInteractor.swift */,
			);
			path = interactor;
			sourceTree = "<group>";
		};
		1047F9842993DC5500FCF89D /* router */ = {
			isa = PBXGroup;
			children = (
				1047F98E2993DE5800FCF89D /* RegisterRouter.swift */,
			);
			path = router;
			sourceTree = "<group>";
		};
		1047F9852993DC5900FCF89D /* protocols */ = {
			isa = PBXGroup;
			children = (
				1047F9902993DE6700FCF89D /* RegisterProtocols.swift */,
			);
			path = protocols;
			sourceTree = "<group>";
		};
		1047F9952993E32000FCF89D /* services */ = {
			isa = PBXGroup;
			children = (
				105FBD26299D4F1E00A85D4A /* network */,
				1047F9962993E32500FCF89D /* auth */,
			);
			path = services;
			sourceTree = "<group>";
		};
		1047F9962993E32500FCF89D /* auth */ = {
			isa = PBXGroup;
			children = (
				1047F9972993E33000FCF89D /* IAuthService.swift */,
				1047F9A22993E88600FCF89D /* AuthService.swift */,
				107BBB7F299BAEC100568913 /* AuthExceptionsHandler.swift */,
			);
			path = auth;
			sourceTree = "<group>";
		};
		104CAB6C2997AD38000C5C8B /* utils */ = {
			isa = PBXGroup;
			children = (
				10DE35AB299ACA0C00AEF2D6 /* AlertManager.swift */,
				10DE35B0299AF47100AEF2D6 /* SnackbarStyles.swift */,
			);
			path = utils;
			sourceTree = "<group>";
		};
		104CAB7C2997B35C000C5C8B /* login-module */ = {
			isa = PBXGroup;
			children = (
				104CAB8A2997B412000C5C8B /* protocols */,
				104CAB872997B3FC000C5C8B /* router */,
				104CAB842997B3D9000C5C8B /* interactor */,
				104CAB812997B3C2000C5C8B /* presenter */,
				104CAB7D2997B363000C5C8B /* view */,
			);
			path = "login-module";
			sourceTree = "<group>";
		};
		104CAB7D2997B363000C5C8B /* view */ = {
			isa = PBXGroup;
			children = (
				104CAB7F2997B376000C5C8B /* LoginViewController.swift */,
			);
			path = view;
			sourceTree = "<group>";
		};
		104CAB812997B3C2000C5C8B /* presenter */ = {
			isa = PBXGroup;
			children = (
				104CAB822997B3CE000C5C8B /* LoginPresenter.swift */,
			);
			path = presenter;
			sourceTree = "<group>";
		};
		104CAB842997B3D9000C5C8B /* interactor */ = {
			isa = PBXGroup;
			children = (
				104CAB852997B3E7000C5C8B /* LoginInteractor.swift */,
			);
			path = interactor;
			sourceTree = "<group>";
		};
		104CAB872997B3FC000C5C8B /* router */ = {
			isa = PBXGroup;
			children = (
				104CAB882997B406000C5C8B /* LoginRouter.swift */,
			);
			path = router;
			sourceTree = "<group>";
		};
		104CAB8A2997B412000C5C8B /* protocols */ = {
			isa = PBXGroup;
			children = (
				104CAB8B2997B420000C5C8B /* LoginProtocols.swift */,
			);
			path = protocols;
			sourceTree = "<group>";
		};
		105FBD26299D4F1E00A85D4A /* network */ = {
			isa = PBXGroup;
			children = (
				105FBD29299D4F4F00A85D4A /* INetworkService.swift */,
				105FBD2B299D509800A85D4A /* NetworkService.swift */,
			);
			path = network;
			sourceTree = "<group>";
		};
		105FBD2D299D512C00A85D4A /* entitiy */ = {
			isa = PBXGroup;
			children = (
				105FBD37299D861300A85D4A /* sepet */,
				105FBD36299D860B00A85D4A /* yemekler */,
				105FBD32299D81DB00A85D4A /* CrudCevap.swift */,
				1061151A29A124360020271E /* category.swift */,
			);
			path = entitiy;
			sourceTree = "<group>";
		};
		105FBD36299D860B00A85D4A /* yemekler */ = {
			isa = PBXGroup;
			children = (
				105FBD2E299D516600A85D4A /* YemeklerCevap.swift */,
				105FBD3A299D8BA600A85D4A /* Yemekler.swift */,
			);
			path = yemekler;
			sourceTree = "<group>";
		};
		105FBD37299D861300A85D4A /* sepet */ = {
			isa = PBXGroup;
			children = (
				105FBD34299D85F700A85D4A /* sepetCevap.swift */,
				105FBD38299D867C00A85D4A /* SepetYemekler.swift */,
			);
			path = sepet;
			sourceTree = "<group>";
		};
		10B8ADE629991546001F7811 /* home-module */ = {
			isa = PBXGroup;
			children = (
				10D15DF8299FAF5200EF5F7C /* collectionview */,
				10B8ADF22999159E001F7811 /* protocols */,
				10B8ADEE29991586001F7811 /* router */,
				10B8ADEB2999156A001F7811 /* interactor */,
				10B8ADE829991559001F7811 /* presenter */,
				10B8ADE729991552001F7811 /* view */,
			);
			path = "home-module";
			sourceTree = "<group>";
		};
		10B8ADE729991552001F7811 /* view */ = {
			isa = PBXGroup;
			children = (
				10B8ADF5299915B5001F7811 /* HomeViewController.swift */,
			);
			path = view;
			sourceTree = "<group>";
		};
		10B8ADE829991559001F7811 /* presenter */ = {
			isa = PBXGroup;
			children = (
				10B8ADE929991562001F7811 /* HomePresenter.swift */,
			);
			path = presenter;
			sourceTree = "<group>";
		};
		10B8ADEB2999156A001F7811 /* interactor */ = {
			isa = PBXGroup;
			children = (
				10B8ADEC29991574001F7811 /* HomeInteractor.swift */,
			);
			path = interactor;
			sourceTree = "<group>";
		};
		10B8ADEE29991586001F7811 /* router */ = {
			isa = PBXGroup;
			children = (
				10B8ADF029991593001F7811 /* HomeRouter.swift */,
			);
			path = router;
			sourceTree = "<group>";
		};
		10B8ADF22999159E001F7811 /* protocols */ = {
			isa = PBXGroup;
			children = (
				10B8ADF3299915AB001F7811 /* HomeProtocols.swift */,
			);
			path = protocols;
			sourceTree = "<group>";
		};
		10D04DB82996652100DF75BA /* welcome-module */ = {
			isa = PBXGroup;
			children = (
				10D04DC32996657A00DF75BA /* protocols */,
				10D04DC02996656100DF75BA /* router */,
				10D04DBD2996654A00DF75BA /* interactor */,
				10D04DBA2996653200DF75BA /* presenter */,
				10D04DB92996652D00DF75BA /* view */,
			);
			path = "welcome-module";
			sourceTree = "<group>";
		};
		10D04DB92996652D00DF75BA /* view */ = {
			isa = PBXGroup;
			children = (
				10D04DC62996666D00DF75BA /* WelcomeViewController.swift */,
			);
			path = view;
			sourceTree = "<group>";
		};
		10D04DBA2996653200DF75BA /* presenter */ = {
			isa = PBXGroup;
			children = (
				10D04DBB2996653D00DF75BA /* WelcomePresenter.swift */,
			);
			path = presenter;
			sourceTree = "<group>";
		};
		10D04DBD2996654A00DF75BA /* interactor */ = {
			isa = PBXGroup;
			children = (
				10D04DBE2996655500DF75BA /* WelcomeInteractor.swift */,
			);
			path = interactor;
			sourceTree = "<group>";
		};
		10D04DC02996656100DF75BA /* router */ = {
			isa = PBXGroup;
			children = (
				10D04DC12996656F00DF75BA /* WelcomeRouter.swift */,
			);
			path = router;
			sourceTree = "<group>";
		};
		10D04DC32996657A00DF75BA /* protocols */ = {
			isa = PBXGroup;
			children = (
				10D04DC42996659800DF75BA /* WelcomeProtocols.swift */,
			);
			path = protocols;
			sourceTree = "<group>";
		};
		10D04DCB2996E9C200DF75BA /* extensions */ = {
			isa = PBXGroup;
			children = (
				10D04DCC2996E9DA00DF75BA /* ui_extensions.swift */,
			);
			path = extensions;
			sourceTree = "<group>";
		};
		10D15DF8299FAF5200EF5F7C /* collectionview */ = {
			isa = PBXGroup;
			children = (
				10D15DF9299FAF7800EF5F7C /* HomeSliderCollectionViewCell.swift */,
				1061151829A0FFD80020271E /* CategoryCollectionViewCell.swift */,
				10A9D13329A22D830022B3E7 /* FoodCollectionViewCell.swift */,
			);
			path = collectionview;
			sourceTree = "<group>";
		};
/* End PBXGroup section */

/* Begin PBXNativeTarget section */
		1047F9682993DC2000FCF89D /* FoodDeliveryApp */ = {
			isa = PBXNativeTarget;
			buildConfigurationList = 1047F97D2993DC2100FCF89D /* Build configuration list for PBXNativeTarget "FoodDeliveryApp" */;
			buildPhases = (
				1047F9652993DC2000FCF89D /* Sources */,
				1047F9662993DC2000FCF89D /* Frameworks */,
				1047F9672993DC2000FCF89D /* Resources */,
			);
			buildRules = (
			);
			dependencies = (
			);
			name = FoodDeliveryApp;
			packageProductDependencies = (
				1047F99C2993E54D00FCF89D /* FirebaseAuth */,
				1047F99E2993E54D00FCF89D /* FirebaseDatabase */,
				10D04DC929966C0100DF75BA /* GoogleSignIn */,
				10DE35AE299ACE4100AEF2D6 /* SnackBar */,
				105FBD24299D4EED00A85D4A /* Alamofire */,
			);
			productName = FoodDeliveryApp;
			productReference = 1047F9692993DC2000FCF89D /* FoodDeliveryApp.app */;
			productType = "com.apple.product-type.application";
		};
/* End PBXNativeTarget section */

/* Begin PBXProject section */
		1047F9612993DC2000FCF89D /* Project object */ = {
			isa = PBXProject;
			attributes = {
				BuildIndependentTargetsInParallel = 1;
				LastSwiftUpdateCheck = 1420;
				LastUpgradeCheck = 1420;
				TargetAttributes = {
					1047F9682993DC2000FCF89D = {
						CreatedOnToolsVersion = 14.2;
					};
				};
			};
			buildConfigurationList = 1047F9642993DC2000FCF89D /* Build configuration list for PBXProject "FoodDeliveryApp" */;
			compatibilityVersion = "Xcode 14.0";
			developmentRegion = en;
			hasScannedForEncodings = 0;
			knownRegions = (
				en,
				Base,
			);
			mainGroup = 1047F9602993DC2000FCF89D;
			packageReferences = (
				1047F99B2993E54D00FCF89D /* XCRemoteSwiftPackageReference "firebase-ios-sdk" */,
				10D04DC829966C0100DF75BA /* XCRemoteSwiftPackageReference "GoogleSignIn-iOS" */,
				10DE35AD299ACE4100AEF2D6 /* XCRemoteSwiftPackageReference "SnackBar" */,
				105FBD23299D4EEC00A85D4A /* XCRemoteSwiftPackageReference "Alamofire" */,
			);
			productRefGroup = 1047F96A2993DC2000FCF89D /* Products */;
			projectDirPath = "";
			projectRoot = "";
			targets = (
				1047F9682993DC2000FCF89D /* FoodDeliveryApp */,
			);
		};
/* End PBXProject section */

/* Begin PBXResourcesBuildPhase section */
		1047F9672993DC2000FCF89D /* Resources */ = {
			isa = PBXResourcesBuildPhase;
			buildActionMask = 2147483647;
			files = (
				1047F9792993DC2100FCF89D /* LaunchScreen.storyboard in Resources */,
				1047F99A2993E4C700FCF89D /* GoogleService-Info.plist in Resources */,
				1047F9762993DC2100FCF89D /* Assets.xcassets in Resources */,
				1047F9742993DC2000FCF89D /* Main.storyboard in Resources */,
			);
			runOnlyForDeploymentPostprocessing = 0;
		};
/* End PBXResourcesBuildPhase section */

/* Begin PBXSourcesBuildPhase section */
		1047F9652993DC2000FCF89D /* Sources */ = {
			isa = PBXSourcesBuildPhase;
			buildActionMask = 2147483647;
			files = (
				10B8ADF6299915B5001F7811 /* HomeViewController.swift in Sources */,
				1061151B29A124360020271E /* category.swift in Sources */,
				105FBD2A299D4F4F00A85D4A /* INetworkService.swift in Sources */,
				10B8ADEA29991562001F7811 /* HomePresenter.swift in Sources */,
				10B8ADED29991574001F7811 /* HomeInteractor.swift in Sources */,
				10DE35B1299AF47100AEF2D6 /* SnackbarStyles.swift in Sources */,
				1047F98B2993DE2D00FCF89D /* RegisterPresenter.swift in Sources */,
				104CAB8C2997B420000C5C8B /* LoginProtocols.swift in Sources */,
				105FBD39299D867C00A85D4A /* SepetYemekler.swift in Sources */,
				105FBD2F299D516600A85D4A /* YemeklerCevap.swift in Sources */,
				10B8ADF4299915AB001F7811 /* HomeProtocols.swift in Sources */,
				105FBD3B299D8BA600A85D4A /* Yemekler.swift in Sources */,
				10D04DBC2996653D00DF75BA /* WelcomePresenter.swift in Sources */,
				10D04DBF2996655500DF75BA /* WelcomeInteractor.swift in Sources */,
				105FBD2C299D509800A85D4A /* NetworkService.swift in Sources */,
				10D04DC22996656F00DF75BA /* WelcomeRouter.swift in Sources */,
				10A9D13429A22D830022B3E7 /* FoodCollectionViewCell.swift in Sources */,
				10D04DCD2996E9DA00DF75BA /* ui_extensions.swift in Sources */,
				10D15DFA299FAF7800EF5F7C /* HomeSliderCollectionViewCell.swift in Sources */,
				1047F9982993E33000FCF89D /* IAuthService.swift in Sources */,
				1061151929A0FFD80020271E /* CategoryCollectionViewCell.swift in Sources */,
				1047F96D2993DC2000FCF89D /* AppDelegate.swift in Sources */,
				1047F9A32993E88600FCF89D /* AuthService.swift in Sources */,
				10B8ADF129991593001F7811 /* HomeRouter.swift in Sources */,
				104CAB862997B3E7000C5C8B /* LoginInteractor.swift in Sources */,
				107BBB80299BAEC100568913 /* AuthExceptionsHandler.swift in Sources */,
				1047F98D2993DE3D00FCF89D /* RegisterInteractor.swift in Sources */,
				104CAB832997B3CE000C5C8B /* LoginPresenter.swift in Sources */,
				1047F9912993DE6700FCF89D /* RegisterProtocols.swift in Sources */,
				10DE35AC299ACA0C00AEF2D6 /* AlertManager.swift in Sources */,
				1047F96F2993DC2000FCF89D /* SceneDelegate.swift in Sources */,
				1047F98F2993DE5800FCF89D /* RegisterRouter.swift in Sources */,
				104CAB892997B406000C5C8B /* LoginRouter.swift in Sources */,
				104CAB802997B376000C5C8B /* LoginViewController.swift in Sources */,
				105FBD33299D81DB00A85D4A /* CrudCevap.swift in Sources */,
				1047F9872993DC6800FCF89D /* RegisterViewController.swift in Sources */,
				105FBD35299D85F700A85D4A /* sepetCevap.swift in Sources */,
				10D04DC52996659800DF75BA /* WelcomeProtocols.swift in Sources */,
				10D04DC72996666D00DF75BA /* WelcomeViewController.swift in Sources */,
			);
			runOnlyForDeploymentPostprocessing = 0;
		};
/* End PBXSourcesBuildPhase section */

/* Begin PBXVariantGroup section */
		1047F9722993DC2000FCF89D /* Main.storyboard */ = {
			isa = PBXVariantGroup;
			children = (
				1047F9732993DC2000FCF89D /* Base */,
			);
			name = Main.storyboard;
			sourceTree = "<group>";
		};
		1047F9772993DC2100FCF89D /* LaunchScreen.storyboard */ = {
			isa = PBXVariantGroup;
			children = (
				1047F9782993DC2100FCF89D /* Base */,
			);
			name = LaunchScreen.storyboard;
			sourceTree = "<group>";
		};
/* End PBXVariantGroup section */

/* Begin XCBuildConfiguration section */
		1047F97B2993DC2100FCF89D /* Debug */ = {
			isa = XCBuildConfiguration;
			buildSettings = {
				ALWAYS_SEARCH_USER_PATHS = NO;
				CLANG_ANALYZER_NONNULL = YES;
				CLANG_ANALYZER_NUMBER_OBJECT_CONVERSION = YES_AGGRESSIVE;
				CLANG_CXX_LANGUAGE_STANDARD = "gnu++20";
				CLANG_ENABLE_MODULES = YES;
				CLANG_ENABLE_OBJC_ARC = YES;
				CLANG_ENABLE_OBJC_WEAK = YES;
				CLANG_WARN_BLOCK_CAPTURE_AUTORELEASING = YES;
				CLANG_WARN_BOOL_CONVERSION = YES;
				CLANG_WARN_COMMA = YES;
				CLANG_WARN_CONSTANT_CONVERSION = YES;
				CLANG_WARN_DEPRECATED_OBJC_IMPLEMENTATIONS = YES;
				CLANG_WARN_DIRECT_OBJC_ISA_USAGE = YES_ERROR;
				CLANG_WARN_DOCUMENTATION_COMMENTS = YES;
				CLANG_WARN_EMPTY_BODY = YES;
				CLANG_WARN_ENUM_CONVERSION = YES;
				CLANG_WARN_INFINITE_RECURSION = YES;
				CLANG_WARN_INT_CONVERSION = YES;
				CLANG_WARN_NON_LITERAL_NULL_CONVERSION = YES;
				CLANG_WARN_OBJC_IMPLICIT_RETAIN_SELF = YES;
				CLANG_WARN_OBJC_LITERAL_CONVERSION = YES;
				CLANG_WARN_OBJC_ROOT_CLASS = YES_ERROR;
				CLANG_WARN_QUOTED_INCLUDE_IN_FRAMEWORK_HEADER = YES;
				CLANG_WARN_RANGE_LOOP_ANALYSIS = YES;
				CLANG_WARN_STRICT_PROTOTYPES = YES;
				CLANG_WARN_SUSPICIOUS_MOVE = YES;
				CLANG_WARN_UNGUARDED_AVAILABILITY = YES_AGGRESSIVE;
				CLANG_WARN_UNREACHABLE_CODE = YES;
				CLANG_WARN__DUPLICATE_METHOD_MATCH = YES;
				COPY_PHASE_STRIP = NO;
				DEBUG_INFORMATION_FORMAT = dwarf;
				ENABLE_STRICT_OBJC_MSGSEND = YES;
				ENABLE_TESTABILITY = YES;
				GCC_C_LANGUAGE_STANDARD = gnu11;
				GCC_DYNAMIC_NO_PIC = NO;
				GCC_NO_COMMON_BLOCKS = YES;
				GCC_OPTIMIZATION_LEVEL = 0;
				GCC_PREPROCESSOR_DEFINITIONS = (
					"DEBUG=1",
					"$(inherited)",
				);
				GCC_WARN_64_TO_32_BIT_CONVERSION = YES;
				GCC_WARN_ABOUT_RETURN_TYPE = YES_ERROR;
				GCC_WARN_UNDECLARED_SELECTOR = YES;
				GCC_WARN_UNINITIALIZED_AUTOS = YES_AGGRESSIVE;
				GCC_WARN_UNUSED_FUNCTION = YES;
				GCC_WARN_UNUSED_VARIABLE = YES;
				IPHONEOS_DEPLOYMENT_TARGET = 16.2;
				MTL_ENABLE_DEBUG_INFO = INCLUDE_SOURCE;
				MTL_FAST_MATH = YES;
				ONLY_ACTIVE_ARCH = YES;
				SDKROOT = iphoneos;
				SWIFT_ACTIVE_COMPILATION_CONDITIONS = DEBUG;
				SWIFT_OPTIMIZATION_LEVEL = "-Onone";
			};
			name = Debug;
		};
		1047F97C2993DC2100FCF89D /* Release */ = {
			isa = XCBuildConfiguration;
			buildSettings = {
				ALWAYS_SEARCH_USER_PATHS = NO;
				CLANG_ANALYZER_NONNULL = YES;
				CLANG_ANALYZER_NUMBER_OBJECT_CONVERSION = YES_AGGRESSIVE;
				CLANG_CXX_LANGUAGE_STANDARD = "gnu++20";
				CLANG_ENABLE_MODULES = YES;
				CLANG_ENABLE_OBJC_ARC = YES;
				CLANG_ENABLE_OBJC_WEAK = YES;
				CLANG_WARN_BLOCK_CAPTURE_AUTORELEASING = YES;
				CLANG_WARN_BOOL_CONVERSION = YES;
				CLANG_WARN_COMMA = YES;
				CLANG_WARN_CONSTANT_CONVERSION = YES;
				CLANG_WARN_DEPRECATED_OBJC_IMPLEMENTATIONS = YES;
				CLANG_WARN_DIRECT_OBJC_ISA_USAGE = YES_ERROR;
				CLANG_WARN_DOCUMENTATION_COMMENTS = YES;
				CLANG_WARN_EMPTY_BODY = YES;
				CLANG_WARN_ENUM_CONVERSION = YES;
				CLANG_WARN_INFINITE_RECURSION = YES;
				CLANG_WARN_INT_CONVERSION = YES;
				CLANG_WARN_NON_LITERAL_NULL_CONVERSION = YES;
				CLANG_WARN_OBJC_IMPLICIT_RETAIN_SELF = YES;
				CLANG_WARN_OBJC_LITERAL_CONVERSION = YES;
				CLANG_WARN_OBJC_ROOT_CLASS = YES_ERROR;
				CLANG_WARN_QUOTED_INCLUDE_IN_FRAMEWORK_HEADER = YES;
				CLANG_WARN_RANGE_LOOP_ANALYSIS = YES;
				CLANG_WARN_STRICT_PROTOTYPES = YES;
				CLANG_WARN_SUSPICIOUS_MOVE = YES;
				CLANG_WARN_UNGUARDED_AVAILABILITY = YES_AGGRESSIVE;
				CLANG_WARN_UNREACHABLE_CODE = YES;
				CLANG_WARN__DUPLICATE_METHOD_MATCH = YES;
				COPY_PHASE_STRIP = NO;
				DEBUG_INFORMATION_FORMAT = "dwarf-with-dsym";
				ENABLE_NS_ASSERTIONS = NO;
				ENABLE_STRICT_OBJC_MSGSEND = YES;
				GCC_C_LANGUAGE_STANDARD = gnu11;
				GCC_NO_COMMON_BLOCKS = YES;
				GCC_WARN_64_TO_32_BIT_CONVERSION = YES;
				GCC_WARN_ABOUT_RETURN_TYPE = YES_ERROR;
				GCC_WARN_UNDECLARED_SELECTOR = YES;
				GCC_WARN_UNINITIALIZED_AUTOS = YES_AGGRESSIVE;
				GCC_WARN_UNUSED_FUNCTION = YES;
				GCC_WARN_UNUSED_VARIABLE = YES;
				IPHONEOS_DEPLOYMENT_TARGET = 16.2;
				MTL_ENABLE_DEBUG_INFO = NO;
				MTL_FAST_MATH = YES;
				SDKROOT = iphoneos;
				SWIFT_COMPILATION_MODE = wholemodule;
				SWIFT_OPTIMIZATION_LEVEL = "-O";
				VALIDATE_PRODUCT = YES;
			};
			name = Release;
		};
		1047F97E2993DC2100FCF89D /* Debug */ = {
			isa = XCBuildConfiguration;
			buildSettings = {
				ASSETCATALOG_COMPILER_APPICON_NAME = AppIcon;
				ASSETCATALOG_COMPILER_GLOBAL_ACCENT_COLOR_NAME = AccentColor;
				CODE_SIGN_STYLE = Automatic;
				CURRENT_PROJECT_VERSION = 1;
				DEVELOPMENT_TEAM = F475N5N7V6;
				GENERATE_INFOPLIST_FILE = YES;
				INFOPLIST_FILE = FoodDeliveryApp/Info.plist;
				INFOPLIST_KEY_UIApplicationSupportsIndirectInputEvents = YES;
				INFOPLIST_KEY_UILaunchStoryboardName = LaunchScreen;
				INFOPLIST_KEY_UIMainStoryboardFile = Main;
				INFOPLIST_KEY_UISupportedInterfaceOrientations_iPad = "UIInterfaceOrientationPortrait UIInterfaceOrientationPortraitUpsideDown UIInterfaceOrientationLandscapeLeft UIInterfaceOrientationLandscapeRight";
				INFOPLIST_KEY_UISupportedInterfaceOrientations_iPhone = "UIInterfaceOrientationPortrait UIInterfaceOrientationLandscapeLeft UIInterfaceOrientationLandscapeRight";
				LD_RUNPATH_SEARCH_PATHS = (
					"$(inherited)",
					"@executable_path/Frameworks",
				);
				MARKETING_VERSION = 1.0;
				PRODUCT_BUNDLE_IDENTIFIER = com.yagizdokumaci.FoodDeliveryApp;
				PRODUCT_NAME = "$(TARGET_NAME)";
				SWIFT_EMIT_LOC_STRINGS = YES;
				SWIFT_VERSION = 5.0;
				TARGETED_DEVICE_FAMILY = "1,2";
			};
			name = Debug;
		};
		1047F97F2993DC2100FCF89D /* Release */ = {
			isa = XCBuildConfiguration;
			buildSettings = {
				ASSETCATALOG_COMPILER_APPICON_NAME = AppIcon;
				ASSETCATALOG_COMPILER_GLOBAL_ACCENT_COLOR_NAME = AccentColor;
				CODE_SIGN_STYLE = Automatic;
				CURRENT_PROJECT_VERSION = 1;
				DEVELOPMENT_TEAM = F475N5N7V6;
				GENERATE_INFOPLIST_FILE = YES;
				INFOPLIST_FILE = FoodDeliveryApp/Info.plist;
				INFOPLIST_KEY_UIApplicationSupportsIndirectInputEvents = YES;
				INFOPLIST_KEY_UILaunchStoryboardName = LaunchScreen;
				INFOPLIST_KEY_UIMainStoryboardFile = Main;
				INFOPLIST_KEY_UISupportedInterfaceOrientations_iPad = "UIInterfaceOrientationPortrait UIInterfaceOrientationPortraitUpsideDown UIInterfaceOrientationLandscapeLeft UIInterfaceOrientationLandscapeRight";
				INFOPLIST_KEY_UISupportedInterfaceOrientations_iPhone = "UIInterfaceOrientationPortrait UIInterfaceOrientationLandscapeLeft UIInterfaceOrientationLandscapeRight";
				LD_RUNPATH_SEARCH_PATHS = (
					"$(inherited)",
					"@executable_path/Frameworks",
				);
				MARKETING_VERSION = 1.0;
				PRODUCT_BUNDLE_IDENTIFIER = com.yagizdokumaci.FoodDeliveryApp;
				PRODUCT_NAME = "$(TARGET_NAME)";
				SWIFT_EMIT_LOC_STRINGS = YES;
				SWIFT_VERSION = 5.0;
				TARGETED_DEVICE_FAMILY = "1,2";
			};
			name = Release;
		};
/* End XCBuildConfiguration section */

/* Begin XCConfigurationList section */
		1047F9642993DC2000FCF89D /* Build configuration list for PBXProject "FoodDeliveryApp" */ = {
			isa = XCConfigurationList;
			buildConfigurations = (
				1047F97B2993DC2100FCF89D /* Debug */,
				1047F97C2993DC2100FCF89D /* Release */,
			);
			defaultConfigurationIsVisible = 0;
			defaultConfigurationName = Release;
		};
		1047F97D2993DC2100FCF89D /* Build configuration list for PBXNativeTarget "FoodDeliveryApp" */ = {
			isa = XCConfigurationList;
			buildConfigurations = (
				1047F97E2993DC2100FCF89D /* Debug */,
				1047F97F2993DC2100FCF89D /* Release */,
			);
			defaultConfigurationIsVisible = 0;
			defaultConfigurationName = Release;
		};
/* End XCConfigurationList section */

/* Begin XCRemoteSwiftPackageReference section */
		1047F99B2993E54D00FCF89D /* XCRemoteSwiftPackageReference "firebase-ios-sdk" */ = {
			isa = XCRemoteSwiftPackageReference;
			repositoryURL = "https://github.com/firebase/firebase-ios-sdk";
			requirement = {
				kind = upToNextMajorVersion;
				minimumVersion = 9.0.0;
			};
		};
		105FBD23299D4EEC00A85D4A /* XCRemoteSwiftPackageReference "Alamofire" */ = {
			isa = XCRemoteSwiftPackageReference;
			repositoryURL = "https://github.com/Alamofire/Alamofire.git";
			requirement = {
				kind = upToNextMajorVersion;
				minimumVersion = 5.0.0;
			};
		};
		10D04DC829966C0100DF75BA /* XCRemoteSwiftPackageReference "GoogleSignIn-iOS" */ = {
			isa = XCRemoteSwiftPackageReference;
			repositoryURL = "https://github.com/google/GoogleSignIn-iOS";
			requirement = {
				kind = upToNextMajorVersion;
				minimumVersion = 7.0.0;
			};
		};
		10DE35AD299ACE4100AEF2D6 /* XCRemoteSwiftPackageReference "SnackBar" */ = {
			isa = XCRemoteSwiftPackageReference;
			repositoryURL = "https://github.com/ahmedAlmasri/SnackBar.swift";
			requirement = {
				kind = upToNextMajorVersion;
				minimumVersion = 0.1.2;
			};
		};
/* End XCRemoteSwiftPackageReference section */

/* Begin XCSwiftPackageProductDependency section */
		1047F99C2993E54D00FCF89D /* FirebaseAuth */ = {
			isa = XCSwiftPackageProductDependency;
			package = 1047F99B2993E54D00FCF89D /* XCRemoteSwiftPackageReference "firebase-ios-sdk" */;
			productName = FirebaseAuth;
		};
		1047F99E2993E54D00FCF89D /* FirebaseDatabase */ = {
			isa = XCSwiftPackageProductDependency;
			package = 1047F99B2993E54D00FCF89D /* XCRemoteSwiftPackageReference "firebase-ios-sdk" */;
			productName = FirebaseDatabase;
		};
		105FBD24299D4EED00A85D4A /* Alamofire */ = {
			isa = XCSwiftPackageProductDependency;
			package = 105FBD23299D4EEC00A85D4A /* XCRemoteSwiftPackageReference "Alamofire" */;
			productName = Alamofire;
		};
		10D04DC929966C0100DF75BA /* GoogleSignIn */ = {
			isa = XCSwiftPackageProductDependency;
			package = 10D04DC829966C0100DF75BA /* XCRemoteSwiftPackageReference "GoogleSignIn-iOS" */;
			productName = GoogleSignIn;
		};
		10DE35AE299ACE4100AEF2D6 /* SnackBar */ = {
			isa = XCSwiftPackageProductDependency;
			package = 10DE35AD299ACE4100AEF2D6 /* XCRemoteSwiftPackageReference "SnackBar" */;
			productName = SnackBar;
		};
/* End XCSwiftPackageProductDependency section */
	};
	rootObject = 1047F9612993DC2000FCF89D /* Project object */;
}
